
Microsoft Visual Studio Solution File, Format Version 12.00
Project("{FAE04EC0-301F-11D3-BF4B-00C04F79EFBC}") = "blockChain", "blockChain\blockChain.csproj", "{5248E039-0419-4DBD-93D2-CD5691D4C7AA}"
EndProject
Global
	GlobalSection(SolutionConfigurationPlatforms) = preSolution
		Debug|Any CPU = Debug|Any CPU
		Release|Any CPU = Release|Any CPU
	EndGlobalSection
	GlobalSection(ProjectConfigurationPlatforms) = postSolution
		{5248E039-0419-4DBD-93D2-CD5691D4C7AA}.Debug|Any CPU.ActiveCfg = Debug|Any CPU
		{5248E039-0419-4DBD-93D2-CD5691D4C7AA}.Debug|Any CPU.Build.0 = Debug|Any CPU
		{5248E039-0419-4DBD-93D2-CD5691D4C7AA}.Release|Any CPU.ActiveCfg = Release|Any CPU
		{5248E039-0419-4DBD-93D2-CD5691D4C7AA}.Release|Any CPU.Build.0 = Release|Any CPU
	EndGlobalSection
EndGlobal
